
Microsoft Visual Studio Solution File, Format Version 12.00
# Visual Studio Version 16
VisualStudioVersion = 16.0.29215.179
MinimumVisualStudioVersion = 10.0.40219.1
Project("{888888A0-9F3D-457C-B088-3A5042F75D52}") = "PyDBSqliteApp", "PyDBSqliteApp\PyDBSqliteApp.pyproj", "{1FF480EC-2349-4D44-9AB5-A9B1C8458C10}"
EndProject
Global
	GlobalSection(SolutionConfigurationPlatforms) = preSolution
		Debug|Any CPU = Debug|Any CPU
		Release|Any CPU = Release|Any CPU
	EndGlobalSection
	GlobalSection(ProjectConfigurationPlatforms) = postSolution
		{1FF480EC-2349-4D44-9AB5-A9B1C8458C10}.Debug|Any CPU.ActiveCfg = Debug|Any CPU
		{1FF480EC-2349-4D44-9AB5-A9B1C8458C10}.Release|Any CPU.ActiveCfg = Release|Any CPU
	EndGlobalSection
	GlobalSection(SolutionProperties) = preSolution
		HideSolutionNode = FALSE
	EndGlobalSection
	GlobalSection(ExtensibilityGlobals) = postSolution
		SolutionGuid = {C26C7C5C-278E-4C6B-8DE5-9BFA6DEA83DF}
	EndGlobalSection
EndGlobal
